{
  "name": "ui",
  "lockfileVersion": 2,
  "requires": true,
  "packages": {
    "": {
      "dependencies": {
        "@rjsf/core": "^4.2.0",
        "@rjsf/fluent-ui": "^4.2.0"
      }
    },
    "node_modules/@fluentui/date-time-utilities": {
      "version": "7.9.1",
      "resolved": "https://registry.npmjs.org/@fluentui/date-time-utilities/-/date-time-utilities-7.9.1.tgz",
      "integrity": "sha512-o8iU1VIY+QsqVRWARKiky29fh4KR1xaKSgMClXIi65qkt8EDDhjmlzL0KVDEoDA2GWukwb/1PpaVCWDg4v3cUQ==",
      "peer": true,
      "dependencies": {
        "@uifabric/set-version": "^7.0.24",
        "tslib": "^1.10.0"
      }
    },
    "node_modules/@fluentui/dom-utilities": {
      "version": "1.1.2",
      "resolved": "https://registry.npmjs.org/@fluentui/dom-utilities/-/dom-utilities-1.1.2.tgz",
      "integrity": "sha512-XqPS7l3YoMwxdNlaYF6S2Mp0K3FmVIOIy2K3YkMc+eRxu9wFK6emr2Q/3rBhtG5u/On37NExRT7/5CTLnoi9gw==",
      "peer": true,
      "dependencies": {
        "@uifabric/set-version": "^7.0.24",
        "tslib": "^1.10.0"
      }
    },
    "node_modules/@fluentui/keyboard-key": {
      "version": "0.2.17",
      "resolved": "https://registry.npmjs.org/@fluentui/keyboard-key/-/keyboard-key-0.2.17.tgz",
      "integrity": "sha512-iT1bU56rKrKEOfODoW6fScY11qj3iaYrZ+z11T6fo5+TDm84UGkkXjLXJTE57ZJzg0/gbccHQWYv+chY7bJN8Q==",
      "peer": true,
      "dependencies": {
        "tslib": "^1.10.0"
      }
    },
    "node_modules/@fluentui/react": {
      "version": "7.185.5",
      "resolved": "https://registry.npmjs.org/@fluentui/react/-/react-7.185.5.tgz",
      "integrity": "sha512-1b8x1Tf5+uOL+LQlB4dv0zGpPF5QRIVWKU7DBL2a6yBXU3KJp3ra+/JsO1KwdSUdubVQNNiCRiA65AbOMVqF3Q==",
      "peer": true,
      "dependencies": {
        "@uifabric/set-version": "^7.0.24",
        "office-ui-fabric-react": "^7.185.5",
        "tslib": "^1.10.0"
      },
      "peerDependencies": {
        "@types/react": ">=16.8.0 <17.0.0",
        "@types/react-dom": ">=16.8.0 <17.0.0",
        "react": ">=16.8.0 <17.0.0",
        "react-dom": ">=16.8.0 <17.0.0"
      }
    },
    "node_modules/@fluentui/react-focus": {
      "version": "7.18.3",
      "resolved": "https://registry.npmjs.org/@fluentui/react-focus/-/react-focus-7.18.3.tgz",
      "integrity": "sha512-ZgaUHdBSlyefAM0a5HVpJY80iQuiLztB7ylLjePO1ltWE6R/f7q1hf+KBz7tEjZfzYgX6zU+kfcgtRuze6uDoQ==",
      "peer": true,
      "dependencies": {
        "@fluentui/keyboard-key": "^0.2.12",
        "@uifabric/merge-styles": "^7.19.2",
        "@uifabric/set-version": "^7.0.24",
        "@uifabric/styling": "^7.20.1",
        "@uifabric/utilities": "^7.34.0",
        "tslib": "^1.10.0"
      },
      "peerDependencies": {
        "@types/react": ">=16.8.0 <17.0.0",
        "@types/react-dom": ">=16.8.0 <17.0.0",
        "react": ">=16.8.0 <17.0.0",
        "react-dom": ">=16.8.0 <17.0.0"
      }
    },
    "node_modules/@fluentui/react-window-provider": {
      "version": "1.0.2",
      "resolved": "https://registry.npmjs.org/@fluentui/react-window-provider/-/react-window-provider-1.0.2.tgz",
      "integrity": "sha512-fGSgL3Vp/+6t1Ysfz21FWZmqsU+iFVxOigvHnm5uKVyyRPwtaabv/F6kQ2y5isLMI2YmJaUd2i0cDJKu8ggrvw==",
      "peer": true,
      "dependencies": {
        "@uifabric/set-version": "^7.0.24",
        "tslib": "^1.10.0"
      },
      "peerDependencies": {
        "@types/react": ">=16.8.0 <17.0.0",
        "@types/react-dom": ">=16.8.0 <17.0.0",
        "react": ">=16.8.0 <17.0.0",
        "react-dom": ">=16.8.0 <17.0.0"
      }
    },
    "node_modules/@fluentui/theme": {
      "version": "1.7.5",
      "resolved": "https://registry.npmjs.org/@fluentui/theme/-/theme-1.7.5.tgz",
      "integrity": "sha512-617mrYkn8M+7Iy0eM9UG5ophh0bxyQfHiqxp8RmV3NO1xcJQw28DrXM/wwZoK3b4+rpgdxGufMWRl1V7B4oIVA==",
      "peer": true,
      "dependencies": {
        "@uifabric/merge-styles": "^7.19.2",
        "@uifabric/set-version": "^7.0.24",
        "@uifabric/utilities": "^7.34.0",
        "tslib": "^1.10.0"
      },
      "peerDependencies": {
        "@types/react": ">=16.8.0 <17.0.0",
        "@types/react-dom": ">=16.8.0 <17.0.0",
        "react": ">=16.8.0 <17.0.0",
        "react-dom": ">=16.8.0 <17.0.0"
      }
    },
    "node_modules/@microsoft/load-themed-styles": {
      "version": "1.10.264",
      "resolved": "https://registry.npmjs.org/@microsoft/load-themed-styles/-/load-themed-styles-1.10.264.tgz",
      "integrity": "sha512-P4wyHGmUDB046uuovtoVWn9Q+gIq1s8oJIobYtgI6VbvxJZOoFV9kWzkmO+SAlnl/Tnn8DsNWzqu9rd2lDTR/Q==",
      "peer": true
    },
    "node_modules/@rjsf/core": {
      "version": "4.2.0",
      "resolved": "https://registry.npmjs.org/@rjsf/core/-/core-4.2.0.tgz",
      "integrity": "sha512-bGWWCZjXHhBCkzag1Yh6F7a15/D6AqKRyks1szYWdCe+4jwWU3maC3apUxHJlHFRz3V1aBW6j6i/UB6zHmFXLQ==",
      "dependencies": {
        "@types/json-schema": "^7.0.7",
        "ajv": "^6.7.0",
        "core-js-pure": "^3.6.5",
        "json-schema-merge-allof": "^0.6.0",
        "jsonpointer": "^5.0.0",
        "lodash": "^4.17.15",
        "nanoid": "^3.1.23",
        "prop-types": "^15.7.2",
        "react-is": "^16.9.0"
      },
      "engines": {
        "node": ">=12"
      },
      "peerDependencies": {
        "react": ">=16 || >=17"
      }
    },
    "node_modules/@rjsf/fluent-ui": {
      "version": "4.2.0",
      "resolved": "https://registry.npmjs.org/@rjsf/fluent-ui/-/fluent-ui-4.2.0.tgz",
      "integrity": "sha512-4DCZUgk8NdFnBrQyrliEGgJQ+XwDVMuoZNQnY7I2KOUcz0v9lTCVPJkO7CaGyOuVc1KzNWsfW49IORb8fEY4lg==",
      "dependencies": {
        "lodash": "^4.17.15",
        "lodash-es": "^4.17.15"
      },
      "engines": {
        "node": ">=12"
      },
      "peerDependencies": {
        "@fluentui/react": "^7.114.2",
        "@rjsf/core": "^3.2.0",
        "react": ">=16"
      }
    },
    "node_modules/@types/json-schema": {
      "version": "7.0.11",
      "resolved": "https://registry.npmjs.org/@types/json-schema/-/json-schema-7.0.11.tgz",
      "integrity": "sha512-wOuvG1SN4Us4rez+tylwwwCV1psiNVOkJeM3AUWUNWg/jDQY2+HE/444y5gc+jBmRqASOm2Oeh5c1axHobwRKQ=="
    },
    "node_modules/@types/prop-types": {
      "version": "15.7.5",
      "resolved": "https://registry.npmjs.org/@types/prop-types/-/prop-types-15.7.5.tgz",
      "integrity": "sha512-JCB8C6SnDoQf0cNycqd/35A7MjcnK+ZTqE7judS6o7utxUCg6imJg3QK2qzHKszlTjcj2cn+NwMB2i96ubpj7w==",
      "peer": true
    },
    "node_modules/@types/react": {
      "version": "16.14.26",
      "resolved": "https://registry.npmjs.org/@types/react/-/react-16.14.26.tgz",
      "integrity": "sha512-c/5CYyciOO4XdFcNhZW1O2woVx86k4T+DO2RorHZL7EhitkNQgSD/SgpdZJAUJa/qjVgOmTM44gHkAdZSXeQuQ==",
      "peer": true,
      "dependencies": {
        "@types/prop-types": "*",
        "@types/scheduler": "*",
        "csstype": "^3.0.2"
      }
    },
    "node_modules/@types/react-dom": {
      "version": "16.9.16",
      "resolved": "https://registry.npmjs.org/@types/react-dom/-/react-dom-16.9.16.tgz",
      "integrity": "sha512-Oqc0RY4fggGA3ltEgyPLc3IV9T73IGoWjkONbsyJ3ZBn+UPPCYpU2ec0i3cEbJuEdZtkqcCF2l1zf2pBdgUGSg==",
      "peer": true,
      "dependencies": {
        "@types/react": "^16"
      }
    },
    "node_modules/@types/scheduler": {
      "version": "0.16.2",
      "resolved": "https://registry.npmjs.org/@types/scheduler/-/scheduler-0.16.2.tgz",
      "integrity": "sha512-hppQEBDmlwhFAXKJX2KnWLYu5yMfi91yazPb2l+lbJiwW+wdo1gNeRA+3RgNSO39WYX2euey41KEwnqesU2Jew==",
      "peer": true
    },
    "node_modules/@uifabric/foundation": {
      "version": "7.10.2",
      "resolved": "https://registry.npmjs.org/@uifabric/foundation/-/foundation-7.10.2.tgz",
      "integrity": "sha512-8J8oBoc5Pr3oGL6uiWHGek/cmjXxYVg5tgPs9YQUsPs1IE9G5R4A4nXTtYEG3I2ZuF+fLfmWhnbKmgFVfKts2w==",
      "peer": true,
      "dependencies": {
        "@uifabric/merge-styles": "^7.19.2",
        "@uifabric/set-version": "^7.0.24",
        "@uifabric/styling": "^7.20.1",
        "@uifabric/utilities": "^7.34.0",
        "tslib": "^1.10.0"
      },
      "peerDependencies": {
        "@types/react": ">=16.8.0 <17.0.0",
        "@types/react-dom": ">=16.8.0 <17.0.0",
        "react": ">=16.8.0 <17.0.0",
        "react-dom": ">=16.8.0 <17.0.0"
      }
    },
    "node_modules/@uifabric/icons": {
      "version": "7.7.0",
      "resolved": "https://registry.npmjs.org/@uifabric/icons/-/icons-7.7.0.tgz",
      "integrity": "sha512-we7h0fKRIEt7Qnd22n/NpeL/U5GAjKeLncWuop2zNRYSFUs9fA6PFxVFh5fM3br5G0Csw6POAtTcpzEbeKh/lg==",
      "peer": true,
      "dependencies": {
        "@uifabric/set-version": "^7.0.24",
        "@uifabric/styling": "^7.20.1",
        "@uifabric/utilities": "^7.34.0",
        "tslib": "^1.10.0"
      }
    },
    "node_modules/@uifabric/merge-styles": {
      "version": "7.19.2",
      "resolved": "https://registry.npmjs.org/@uifabric/merge-styles/-/merge-styles-7.19.2.tgz",
      "integrity": "sha512-kTlhwglDqwVgIaJq+0yXgzi65plGhmFcPrfme/rXUGMJZoU+qlGT5jXj5d3kuI59p6VB8jWEg9DAxHozhYeu0g==",
      "peer": true,
      "dependencies": {
        "@uifabric/set-version": "^7.0.24",
        "tslib": "^1.10.0"
      }
    },
    "node_modules/@uifabric/react-hooks": {
      "version": "7.14.1",
      "resolved": "https://registry.npmjs.org/@uifabric/react-hooks/-/react-hooks-7.14.1.tgz",
      "integrity": "sha512-y5xCXEG3j25nbPkiZjJ6qipJot8QOn/ppr8eDtVkSm6JJ6lDU8cv4j01Ff1HcHbB0WnQWasiT1NITMsJZBbk0g==",
      "peer": true,
      "dependencies": {
        "@fluentui/react-window-provider": "^1.0.2",
        "@uifabric/set-version": "^7.0.24",
        "@uifabric/utilities": "^7.34.0",
        "tslib": "^1.10.0"
      },
      "peerDependencies": {
        "@types/react": ">=16.8.0 <17.0.0",
        "@types/react-dom": ">=16.8.0 <17.0.0",
        "react": ">=16.8.0 <17.0.0",
        "react-dom": ">=16.8.0 <17.0.0"
      }
    },
    "node_modules/@uifabric/set-version": {
      "version": "7.0.24",
      "resolved": "https://registry.npmjs.org/@uifabric/set-version/-/set-version-7.0.24.tgz",
      "integrity": "sha512-t0Pt21dRqdC707/ConVJC0WvcQ/KF7tKLU8AZY7YdjgJpMHi1c0C427DB4jfUY19I92f60LOQyhJ4efH+KpFEg==",
      "peer": true,
      "dependencies": {
        "tslib": "^1.10.0"
      }
    },
    "node_modules/@uifabric/styling": {
      "version": "7.20.1",
      "resolved": "https://registry.npmjs.org/@uifabric/styling/-/styling-7.20.1.tgz",
      "integrity": "sha512-xxoIv5tkeJ02XQfJ1IQloAijWVxUm2QlyKzpbnA5SF+HhtKsv0rgADuNALhGTvYKYwKqaFc5rKWygAxLeEaFtg==",
      "peer": true,
      "dependencies": {
        "@fluentui/theme": "^1.7.5",
        "@microsoft/load-themed-styles": "^1.10.26",
        "@uifabric/merge-styles": "^7.19.2",
        "@uifabric/set-version": "^7.0.24",
        "@uifabric/utilities": "^7.34.0",
        "tslib": "^1.10.0"
      }
    },
    "node_modules/@uifabric/utilities": {
      "version": "7.34.0",
      "resolved": "https://registry.npmjs.org/@uifabric/utilities/-/utilities-7.34.0.tgz",
      "integrity": "sha512-nJSrWw6IK8uLCYKrr7nQIxKnEr8iMkcIq0s7WBDbqtLfQB29jHLUtwbD928hhFm5zYMC1g46AOObb4lj7ER/hA==",
      "peer": true,
      "dependencies": {
        "@fluentui/dom-utilities": "^1.1.2",
        "@uifabric/merge-styles": "^7.19.2",
        "@uifabric/set-version": "^7.0.24",
        "prop-types": "^15.7.2",
        "tslib": "^1.10.0"
      },
      "peerDependencies": {
        "@types/react": ">=16.8.0 <17.0.0",
        "@types/react-dom": ">=16.8.0 <17.0.0",
        "react": ">=16.8.0 <17.0.0",
        "react-dom": ">=16.8.0 <17.0.0"
      }
    },
    "node_modules/ajv": {
      "version": "6.12.6",
      "resolved": "https://registry.npmjs.org/ajv/-/ajv-6.12.6.tgz",
      "integrity": "sha512-j3fVLgvTo527anyYyJOGTYJbG+vnnQYvE0m5mmkc1TK+nxAppkCLMIL0aZ4dblVCNoGShhm+kzE4ZUykBoMg4g==",
      "dependencies": {
        "fast-deep-equal": "^3.1.1",
        "fast-json-stable-stringify": "^2.0.0",
        "json-schema-traverse": "^0.4.1",
        "uri-js": "^4.2.2"
      },
      "funding": {
        "type": "github",
        "url": "https://github.com/sponsors/epoberezkin"
      }
    },
    "node_modules/compute-gcd": {
      "version": "1.2.1",
      "resolved": "https://registry.npmjs.org/compute-gcd/-/compute-gcd-1.2.1.tgz",
      "integrity": "sha512-TwMbxBNz0l71+8Sc4czv13h4kEqnchV9igQZBi6QUaz09dnz13juGnnaWWJTRsP3brxOoxeB4SA2WELLw1hCtg==",
      "dependencies": {
        "validate.io-array": "^1.0.3",
        "validate.io-function": "^1.0.2",
        "validate.io-integer-array": "^1.0.0"
      }
    },
    "node_modules/compute-lcm": {
      "version": "1.1.2",
      "resolved": "https://registry.npmjs.org/compute-lcm/-/compute-lcm-1.1.2.tgz",
      "integrity": "sha512-OFNPdQAXnQhDSKioX8/XYT6sdUlXwpeMjfd6ApxMJfyZ4GxmLR1xvMERctlYhlHwIiz6CSpBc2+qYKjHGZw4TQ==",
      "dependencies": {
        "compute-gcd": "^1.2.1",
        "validate.io-array": "^1.0.3",
        "validate.io-function": "^1.0.2",
        "validate.io-integer-array": "^1.0.0"
      }
    },
    "node_modules/core-js-pure": {
      "version": "3.22.5",
      "resolved": "https://registry.npmjs.org/core-js-pure/-/core-js-pure-3.22.5.tgz",
      "integrity": "sha512-8xo9R00iYD7TcV7OrC98GwxiUEAabVWO3dix+uyWjnYrx9fyASLlIX+f/3p5dW5qByaP2bcZ8X/T47s55et/tA==",
      "hasInstallScript": true,
      "funding": {
        "type": "opencollective",
        "url": "https://opencollective.com/core-js"
      }
    },
    "node_modules/csstype": {
      "version": "3.0.11",
      "resolved": "https://registry.npmjs.org/csstype/-/csstype-3.0.11.tgz",
      "integrity": "sha512-sa6P2wJ+CAbgyy4KFssIb/JNMLxFvKF1pCYCSXS8ZMuqZnMsrxqI2E5sPyoTpxoPU/gVZMzr2zjOfg8GIZOMsw==",
      "peer": true
    },
    "node_modules/fast-deep-equal": {
      "version": "3.1.3",
      "resolved": "https://registry.npmjs.org/fast-deep-equal/-/fast-deep-equal-3.1.3.tgz",
      "integrity": "sha512-f3qQ9oQy9j2AhBe/H9VC91wLmKBCCU/gDOnKNAYG5hswO7BLKj09Hc5HYNz9cGI++xlpDCIgDaitVs03ATR84Q=="
    },
    "node_modules/fast-json-stable-stringify": {
      "version": "2.1.0",
      "resolved": "https://registry.npmjs.org/fast-json-stable-stringify/-/fast-json-stable-stringify-2.1.0.tgz",
      "integrity": "sha512-lhd/wF+Lk98HZoTCtlVraHtfh5XYijIjalXck7saUtuanSDyLMxnHhSXEDJqHxD7msR8D0uCmqlkwjCV8xvwHw=="
    },
    "node_modules/js-tokens": {
      "version": "4.0.0",
      "resolved": "https://registry.npmjs.org/js-tokens/-/js-tokens-4.0.0.tgz",
      "integrity": "sha512-RdJUflcE3cUzKiMqQgsCu06FPu9UdIJO0beYbPhHN4k6apgJtifcoCtT9bcxOpYBtpD2kCM6Sbzg4CausW/PKQ=="
    },
    "node_modules/json-schema-compare": {
      "version": "0.2.2",
      "resolved": "https://registry.npmjs.org/json-schema-compare/-/json-schema-compare-0.2.2.tgz",
      "integrity": "sha512-c4WYmDKyJXhs7WWvAWm3uIYnfyWFoIp+JEoX34rctVvEkMYCPGhXtvmFFXiffBbxfZsvQ0RNnV5H7GvDF5HCqQ==",
      "dependencies": {
        "lodash": "^4.17.4"
      }
    },
    "node_modules/json-schema-merge-allof": {
      "version": "0.6.0",
      "resolved": "https://registry.npmjs.org/json-schema-merge-allof/-/json-schema-merge-allof-0.6.0.tgz",
      "integrity": "sha512-LEw4VMQVRceOPLuGRWcxW5orTTiR9ZAtqTAe4rQUjNADTeR81bezBVFa0MqIwp0YmHIM1KkhSjZM7o+IQhaPbQ==",
      "dependencies": {
        "compute-lcm": "^1.1.0",
        "json-schema-compare": "^0.2.2",
        "lodash": "^4.17.4"
      }
    },
    "node_modules/json-schema-traverse": {
      "version": "0.4.1",
      "resolved": "https://registry.npmjs.org/json-schema-traverse/-/json-schema-traverse-0.4.1.tgz",
      "integrity": "sha512-xbbCH5dCYU5T8LcEhhuh7HJ88HXuW3qsI3Y0zOZFKfZEHcpWiHU/Jxzk629Brsab/mMiHQti9wMP+845RPe3Vg=="
    },
    "node_modules/jsonpointer": {
      "version": "5.0.0",
      "resolved": "https://registry.npmjs.org/jsonpointer/-/jsonpointer-5.0.0.tgz",
      "integrity": "sha512-PNYZIdMjVIvVgDSYKTT63Y+KZ6IZvGRNNWcxwD+GNnUz1MKPfv30J8ueCjdwcN0nDx2SlshgyB7Oy0epAzVRRg==",
      "engines": {
        "node": ">=0.10.0"
      }
    },
    "node_modules/lodash": {
      "version": "4.17.21",
      "resolved": "https://registry.npmjs.org/lodash/-/lodash-4.17.21.tgz",
      "integrity": "sha512-v2kDEe57lecTulaDIuNTPy3Ry4gLGJ6Z1O3vE1krgXZNrsQ+LFTGHVxVjcXPs17LhbZVGedAJv8XZ1tvj5FvSg=="
    },
    "node_modules/lodash-es": {
      "version": "4.17.21",
      "resolved": "https://registry.npmjs.org/lodash-es/-/lodash-es-4.17.21.tgz",
      "integrity": "sha512-mKnC+QJ9pWVzv+C4/U3rRsHapFfHvQFoFB92e52xeyGMcX6/OlIl78je1u8vePzYZSkkogMPJ2yjxxsb89cxyw=="
    },
    "node_modules/loose-envify": {
      "version": "1.4.0",
      "resolved": "https://registry.npmjs.org/loose-envify/-/loose-envify-1.4.0.tgz",
      "integrity": "sha512-lyuxPGr/Wfhrlem2CL/UcnUc1zcqKAImBDzukY7Y5F/yQiNdko6+fRLevlw1HgMySw7f611UIY408EtxRSoK3Q==",
      "dependencies": {
        "js-tokens": "^3.0.0 || ^4.0.0"
      },
      "bin": {
        "loose-envify": "cli.js"
      }
    },
    "node_modules/nanoid": {
      "version": "3.3.4",
      "resolved": "https://registry.npmjs.org/nanoid/-/nanoid-3.3.4.tgz",
      "integrity": "sha512-MqBkQh/OHTS2egovRtLk45wEyNXwF+cokD+1YPf9u5VfJiRdAiRwB2froX5Co9Rh20xs4siNPm8naNotSD6RBw==",
      "bin": {
        "nanoid": "bin/nanoid.cjs"
      },
      "engines": {
        "node": "^10 || ^12 || ^13.7 || ^14 || >=15.0.1"
      }
    },
    "node_modules/object-assign": {
      "version": "4.1.1",
      "resolved": "https://registry.npmjs.org/object-assign/-/object-assign-4.1.1.tgz",
      "integrity": "sha1-IQmtx5ZYh8/AXLvUQsrIv7s2CGM=",
      "engines": {
        "node": ">=0.10.0"
      }
    },
    "node_modules/office-ui-fabric-react": {
      "version": "7.185.5",
      "resolved": "https://registry.npmjs.org/office-ui-fabric-react/-/office-ui-fabric-react-7.185.5.tgz",
      "integrity": "sha512-NAWYFSiluRbpCgSuoD/YqCfWE+SmWMUJ/aoQt8GhF8WSMbR3/5hWCAy1kYHwvj1TVWzh6NorPbeXzruyXNPn5w==",
      "peer": true,
      "dependencies": {
        "@fluentui/date-time-utilities": "^7.9.1",
        "@fluentui/react-focus": "^7.18.3",
        "@fluentui/react-window-provider": "^1.0.2",
        "@microsoft/load-themed-styles": "^1.10.26",
        "@uifabric/foundation": "^7.10.2",
        "@uifabric/icons": "^7.7.0",
        "@uifabric/merge-styles": "^7.19.2",
        "@uifabric/react-hooks": "^7.14.1",
        "@uifabric/set-version": "^7.0.24",
        "@uifabric/styling": "^7.20.1",
        "@uifabric/utilities": "^7.34.0",
        "prop-types": "^15.7.2",
        "tslib": "^1.10.0"
      },
      "peerDependencies": {
        "@types/react": ">=16.8.0 <17.0.0",
        "@types/react-dom": ">=16.8.0 <17.0.0",
        "react": ">=16.8.0 <17.0.0",
        "react-dom": ">=16.8.0 <17.0.0"
      }
    },
    "node_modules/prop-types": {
      "version": "15.8.1",
      "resolved": "https://registry.npmjs.org/prop-types/-/prop-types-15.8.1.tgz",
      "integrity": "sha512-oj87CgZICdulUohogVAR7AjlC0327U4el4L6eAvOqCeudMDVU0NThNaV+b9Df4dXgSP1gXMTnPdhfe/2qDH5cg==",
      "dependencies": {
        "loose-envify": "^1.4.0",
        "object-assign": "^4.1.1",
        "react-is": "^16.13.1"
      }
    },
    "node_modules/punycode": {
      "version": "2.1.1",
      "resolved": "https://registry.npmjs.org/punycode/-/punycode-2.1.1.tgz",
      "integrity": "sha512-XRsRjdf+j5ml+y/6GKHPZbrF/8p2Yga0JPtdqTIY2Xe5ohJPD9saDJJLPvp9+NSBprVvevdXZybnj2cv8OEd0A==",
      "engines": {
        "node": ">=6"
      }
    },
    "node_modules/react": {
      "version": "16.14.0",
      "resolved": "https://registry.npmjs.org/react/-/react-16.14.0.tgz",
      "integrity": "sha512-0X2CImDkJGApiAlcf0ODKIneSwBPhqJawOa5wCtKbu7ZECrmS26NvtSILynQ66cgkT/RJ4LidJOc3bUESwmU8g==",
      "peer": true,
      "dependencies": {
        "loose-envify": "^1.1.0",
        "object-assign": "^4.1.1",
        "prop-types": "^15.6.2"
      },
      "engines": {
        "node": ">=0.10.0"
      }
    },
    "node_modules/react-dom": {
      "version": "16.14.0",
      "resolved": "https://registry.npmjs.org/react-dom/-/react-dom-16.14.0.tgz",
      "integrity": "sha512-1gCeQXDLoIqMgqD3IO2Ah9bnf0w9kzhwN5q4FGnHZ67hBm9yePzB5JJAIQCc8x3pFnNlwFq4RidZggNAAkzWWw==",
      "peer": true,
      "dependencies": {
        "loose-envify": "^1.1.0",
        "object-assign": "^4.1.1",
        "prop-types": "^15.6.2",
        "scheduler": "^0.19.1"
      },
      "peerDependencies": {
        "react": "^16.14.0"
      }
    },
    "node_modules/react-is": {
      "version": "16.13.1",
      "resolved": "https://registry.npmjs.org/react-is/-/react-is-16.13.1.tgz",
      "integrity": "sha512-24e6ynE2H+OKt4kqsOvNd8kBpV65zoxbA4BVsEOB3ARVWQki/DHzaUoC5KuON/BiccDaCCTZBuOcfZs70kR8bQ=="
    },
    "node_modules/scheduler": {
      "version": "0.19.1",
      "resolved": "https://registry.npmjs.org/scheduler/-/scheduler-0.19.1.tgz",
      "integrity": "sha512-n/zwRWRYSUj0/3g/otKDRPMh6qv2SYMWNq85IEa8iZyAv8od9zDYpGSnpBEjNgcMNq6Scbu5KfIPxNF72R/2EA==",
      "peer": true,
      "dependencies": {
        "loose-envify": "^1.1.0",
        "object-assign": "^4.1.1"
      }
    },
    "node_modules/tslib": {
      "version": "1.14.1",
      "resolved": "https://registry.npmjs.org/tslib/-/tslib-1.14.1.tgz",
      "integrity": "sha512-Xni35NKzjgMrwevysHTCArtLDpPvye8zV/0E4EyYn43P7/7qvQwPh9BGkHewbMulVntbigmcT7rdX3BNo9wRJg==",
      "peer": true
    },
    "node_modules/uri-js": {
      "version": "4.4.1",
      "resolved": "https://registry.npmjs.org/uri-js/-/uri-js-4.4.1.tgz",
      "integrity": "sha512-7rKUyy33Q1yc98pQ1DAmLtwX109F7TIfWlW1Ydo8Wl1ii1SeHieeh0HHfPeL2fMXK6z0s8ecKs9frCuLJvndBg==",
      "dependencies": {
        "punycode": "^2.1.0"
      }
    },
    "node_modules/validate.io-array": {
      "version": "1.0.6",
      "resolved": "https://registry.npmjs.org/validate.io-array/-/validate.io-array-1.0.6.tgz",
      "integrity": "sha1-W1osr9j4uFq7L4hroVPy2Tond00="
    },
    "node_modules/validate.io-function": {
      "version": "1.0.2",
      "resolved": "https://registry.npmjs.org/validate.io-function/-/validate.io-function-1.0.2.tgz",
      "integrity": "sha1-NDoZgC7TsZaCaceA5VjpNBHAutc="
    },
    "node_modules/validate.io-integer": {
      "version": "1.0.5",
      "resolved": "https://registry.npmjs.org/validate.io-integer/-/validate.io-integer-1.0.5.tgz",
      "integrity": "sha1-FoSWSAuVviJH7EQ/IjPeT4mHgGg=",
      "dependencies": {
        "validate.io-number": "^1.0.3"
      }
    },
    "node_modules/validate.io-integer-array": {
      "version": "1.0.0",
      "resolved": "https://registry.npmjs.org/validate.io-integer-array/-/validate.io-integer-array-1.0.0.tgz",
      "integrity": "sha1-LKveAzKTpry+Bj/q/pHq9GsToIk=",
      "dependencies": {
        "validate.io-array": "^1.0.3",
        "validate.io-integer": "^1.0.4"
      }
    },
    "node_modules/validate.io-number": {
      "version": "1.0.3",
      "resolved": "https://registry.npmjs.org/validate.io-number/-/validate.io-number-1.0.3.tgz",
      "integrity": "sha1-9j/+2iSL8opnqNSODjtGGhZluvg="
    }
  },
  "dependencies": {
    "@fluentui/date-time-utilities": {
      "version": "7.9.1",
      "resolved": "https://registry.npmjs.org/@fluentui/date-time-utilities/-/date-time-utilities-7.9.1.tgz",
      "integrity": "sha512-o8iU1VIY+QsqVRWARKiky29fh4KR1xaKSgMClXIi65qkt8EDDhjmlzL0KVDEoDA2GWukwb/1PpaVCWDg4v3cUQ==",
      "peer": true,
      "requires": {
        "@uifabric/set-version": "^7.0.24",
        "tslib": "^1.10.0"
      }
    },
    "@fluentui/dom-utilities": {
      "version": "1.1.2",
      "resolved": "https://registry.npmjs.org/@fluentui/dom-utilities/-/dom-utilities-1.1.2.tgz",
      "integrity": "sha512-XqPS7l3YoMwxdNlaYF6S2Mp0K3FmVIOIy2K3YkMc+eRxu9wFK6emr2Q/3rBhtG5u/On37NExRT7/5CTLnoi9gw==",
      "peer": true,
      "requires": {
        "@uifabric/set-version": "^7.0.24",
        "tslib": "^1.10.0"
      }
    },
    "@fluentui/keyboard-key": {
      "version": "0.2.17",
      "resolved": "https://registry.npmjs.org/@fluentui/keyboard-key/-/keyboard-key-0.2.17.tgz",
      "integrity": "sha512-iT1bU56rKrKEOfODoW6fScY11qj3iaYrZ+z11T6fo5+TDm84UGkkXjLXJTE57ZJzg0/gbccHQWYv+chY7bJN8Q==",
      "peer": true,
      "requires": {
        "tslib": "^1.10.0"
      }
    },
    "@fluentui/react": {
      "version": "7.185.5",
      "resolved": "https://registry.npmjs.org/@fluentui/react/-/react-7.185.5.tgz",
      "integrity": "sha512-1b8x1Tf5+uOL+LQlB4dv0zGpPF5QRIVWKU7DBL2a6yBXU3KJp3ra+/JsO1KwdSUdubVQNNiCRiA65AbOMVqF3Q==",
      "peer": true,
      "requires": {
        "@uifabric/set-version": "^7.0.24",
        "office-ui-fabric-react": "^7.185.5",
        "tslib": "^1.10.0"
      }
    },
    "@fluentui/react-focus": {
      "version": "7.18.3",
      "resolved": "https://registry.npmjs.org/@fluentui/react-focus/-/react-focus-7.18.3.tgz",
      "integrity": "sha512-ZgaUHdBSlyefAM0a5HVpJY80iQuiLztB7ylLjePO1ltWE6R/f7q1hf+KBz7tEjZfzYgX6zU+kfcgtRuze6uDoQ==",
      "peer": true,
      "requires": {
        "@fluentui/keyboard-key": "^0.2.12",
        "@uifabric/merge-styles": "^7.19.2",
        "@uifabric/set-version": "^7.0.24",
        "@uifabric/styling": "^7.20.1",
        "@uifabric/utilities": "^7.34.0",
        "tslib": "^1.10.0"
      }
    },
    "@fluentui/react-window-provider": {
      "version": "1.0.2",
      "resolved": "https://registry.npmjs.org/@fluentui/react-window-provider/-/react-window-provider-1.0.2.tgz",
      "integrity": "sha512-fGSgL3Vp/+6t1Ysfz21FWZmqsU+iFVxOigvHnm5uKVyyRPwtaabv/F6kQ2y5isLMI2YmJaUd2i0cDJKu8ggrvw==",
      "peer": true,
      "requires": {
        "@uifabric/set-version": "^7.0.24",
        "tslib": "^1.10.0"
      }
    },
    "@fluentui/theme": {
      "version": "1.7.5",
      "resolved": "https://registry.npmjs.org/@fluentui/theme/-/theme-1.7.5.tgz",
      "integrity": "sha512-617mrYkn8M+7Iy0eM9UG5ophh0bxyQfHiqxp8RmV3NO1xcJQw28DrXM/wwZoK3b4+rpgdxGufMWRl1V7B4oIVA==",
      "peer": true,
      "requires": {
        "@uifabric/merge-styles": "^7.19.2",
        "@uifabric/set-version": "^7.0.24",
        "@uifabric/utilities": "^7.34.0",
        "tslib": "^1.10.0"
      }
    },
    "@microsoft/load-themed-styles": {
      "version": "1.10.264",
      "resolved": "https://registry.npmjs.org/@microsoft/load-themed-styles/-/load-themed-styles-1.10.264.tgz",
      "integrity": "sha512-P4wyHGmUDB046uuovtoVWn9Q+gIq1s8oJIobYtgI6VbvxJZOoFV9kWzkmO+SAlnl/Tnn8DsNWzqu9rd2lDTR/Q==",
      "peer": true
    },
    "@rjsf/core": {
      "version": "4.2.0",
      "resolved": "https://registry.npmjs.org/@rjsf/core/-/core-4.2.0.tgz",
      "integrity": "sha512-bGWWCZjXHhBCkzag1Yh6F7a15/D6AqKRyks1szYWdCe+4jwWU3maC3apUxHJlHFRz3V1aBW6j6i/UB6zHmFXLQ==",
      "requires": {
        "@types/json-schema": "^7.0.7",
        "ajv": "^6.7.0",
        "core-js-pure": "^3.6.5",
        "json-schema-merge-allof": "^0.6.0",
        "jsonpointer": "^5.0.0",
        "lodash": "^4.17.15",
        "nanoid": "^3.1.23",
        "prop-types": "^15.7.2",
        "react-is": "^16.9.0"
      }
    },
    "@rjsf/fluent-ui": {
      "version": "4.2.0",
      "resolved": "https://registry.npmjs.org/@rjsf/fluent-ui/-/fluent-ui-4.2.0.tgz",
      "integrity": "sha512-4DCZUgk8NdFnBrQyrliEGgJQ+XwDVMuoZNQnY7I2KOUcz0v9lTCVPJkO7CaGyOuVc1KzNWsfW49IORb8fEY4lg==",
      "requires": {
        "lodash": "^4.17.15",
        "lodash-es": "^4.17.15"
      }
    },
    "@types/json-schema": {
      "version": "7.0.11",
      "resolved": "https://registry.npmjs.org/@types/json-schema/-/json-schema-7.0.11.tgz",
      "integrity": "sha512-wOuvG1SN4Us4rez+tylwwwCV1psiNVOkJeM3AUWUNWg/jDQY2+HE/444y5gc+jBmRqASOm2Oeh5c1axHobwRKQ=="
    },
    "@types/prop-types": {
      "version": "15.7.5",
      "resolved": "https://registry.npmjs.org/@types/prop-types/-/prop-types-15.7.5.tgz",
      "integrity": "sha512-JCB8C6SnDoQf0cNycqd/35A7MjcnK+ZTqE7judS6o7utxUCg6imJg3QK2qzHKszlTjcj2cn+NwMB2i96ubpj7w==",
      "peer": true
    },
    "@types/react": {
      "version": "16.14.26",
      "resolved": "https://registry.npmjs.org/@types/react/-/react-16.14.26.tgz",
      "integrity": "sha512-c/5CYyciOO4XdFcNhZW1O2woVx86k4T+DO2RorHZL7EhitkNQgSD/SgpdZJAUJa/qjVgOmTM44gHkAdZSXeQuQ==",
      "peer": true,
      "requires": {
        "@types/prop-types": "*",
        "@types/scheduler": "*",
        "csstype": "^3.0.2"
      }
    },
    "@types/react-dom": {
      "version": "16.9.16",
      "resolved": "https://registry.npmjs.org/@types/react-dom/-/react-dom-16.9.16.tgz",
      "integrity": "sha512-Oqc0RY4fggGA3ltEgyPLc3IV9T73IGoWjkONbsyJ3ZBn+UPPCYpU2ec0i3cEbJuEdZtkqcCF2l1zf2pBdgUGSg==",
      "peer": true,
      "requires": {
        "@types/react": "^16"
      }
    },
    "@types/scheduler": {
      "version": "0.16.2",
      "resolved": "https://registry.npmjs.org/@types/scheduler/-/scheduler-0.16.2.tgz",
      "integrity": "sha512-hppQEBDmlwhFAXKJX2KnWLYu5yMfi91yazPb2l+lbJiwW+wdo1gNeRA+3RgNSO39WYX2euey41KEwnqesU2Jew==",
      "peer": true
    },
    "@uifabric/foundation": {
      "version": "7.10.2",
      "resolved": "https://registry.npmjs.org/@uifabric/foundation/-/foundation-7.10.2.tgz",
      "integrity": "sha512-8J8oBoc5Pr3oGL6uiWHGek/cmjXxYVg5tgPs9YQUsPs1IE9G5R4A4nXTtYEG3I2ZuF+fLfmWhnbKmgFVfKts2w==",
      "peer": true,
      "requires": {
        "@uifabric/merge-styles": "^7.19.2",
        "@uifabric/set-version": "^7.0.24",
        "@uifabric/styling": "^7.20.1",
        "@uifabric/utilities": "^7.34.0",
        "tslib": "^1.10.0"
      }
    },
    "@uifabric/icons": {
      "version": "7.7.0",
      "resolved": "https://registry.npmjs.org/@uifabric/icons/-/icons-7.7.0.tgz",
      "integrity": "sha512-we7h0fKRIEt7Qnd22n/NpeL/U5GAjKeLncWuop2zNRYSFUs9fA6PFxVFh5fM3br5G0Csw6POAtTcpzEbeKh/lg==",
      "peer": true,
      "requires": {
        "@uifabric/set-version": "^7.0.24",
        "@uifabric/styling": "^7.20.1",
        "@uifabric/utilities": "^7.34.0",
        "tslib": "^1.10.0"
      }
    },
    "@uifabric/merge-styles": {
      "version": "7.19.2",
      "resolved": "https://registry.npmjs.org/@uifabric/merge-styles/-/merge-styles-7.19.2.tgz",
      "integrity": "sha512-kTlhwglDqwVgIaJq+0yXgzi65plGhmFcPrfme/rXUGMJZoU+qlGT5jXj5d3kuI59p6VB8jWEg9DAxHozhYeu0g==",
      "peer": true,
      "requires": {
        "@uifabric/set-version": "^7.0.24",
        "tslib": "^1.10.0"
      }
    },
    "@uifabric/react-hooks": {
      "version": "7.14.1",
      "resolved": "https://registry.npmjs.org/@uifabric/react-hooks/-/react-hooks-7.14.1.tgz",
      "integrity": "sha512-y5xCXEG3j25nbPkiZjJ6qipJot8QOn/ppr8eDtVkSm6JJ6lDU8cv4j01Ff1HcHbB0WnQWasiT1NITMsJZBbk0g==",
      "peer": true,
      "requires": {
        "@fluentui/react-window-provider": "^1.0.2",
        "@uifabric/set-version": "^7.0.24",
        "@uifabric/utilities": "^7.34.0",
        "tslib": "^1.10.0"
      }
    },
    "@uifabric/set-version": {
      "version": "7.0.24",
      "resolved": "https://registry.npmjs.org/@uifabric/set-version/-/set-version-7.0.24.tgz",
      "integrity": "sha512-t0Pt21dRqdC707/ConVJC0WvcQ/KF7tKLU8AZY7YdjgJpMHi1c0C427DB4jfUY19I92f60LOQyhJ4efH+KpFEg==",
      "peer": true,
      "requires": {
        "tslib": "^1.10.0"
      }
    },
    "@uifabric/styling": {
      "version": "7.20.1",
      "resolved": "https://registry.npmjs.org/@uifabric/styling/-/styling-7.20.1.tgz",
      "integrity": "sha512-xxoIv5tkeJ02XQfJ1IQloAijWVxUm2QlyKzpbnA5SF+HhtKsv0rgADuNALhGTvYKYwKqaFc5rKWygAxLeEaFtg==",
      "peer": true,
      "requires": {
        "@fluentui/theme": "^1.7.5",
        "@microsoft/load-themed-styles": "^1.10.26",
        "@uifabric/merge-styles": "^7.19.2",
        "@uifabric/set-version": "^7.0.24",
        "@uifabric/utilities": "^7.34.0",
        "tslib": "^1.10.0"
      }
    },
    "@uifabric/utilities": {
      "version": "7.34.0",
      "resolved": "https://registry.npmjs.org/@uifabric/utilities/-/utilities-7.34.0.tgz",
      "integrity": "sha512-nJSrWw6IK8uLCYKrr7nQIxKnEr8iMkcIq0s7WBDbqtLfQB29jHLUtwbD928hhFm5zYMC1g46AOObb4lj7ER/hA==",
      "peer": true,
      "requires": {
        "@fluentui/dom-utilities": "^1.1.2",
        "@uifabric/merge-styles": "^7.19.2",
        "@uifabric/set-version": "^7.0.24",
        "prop-types": "^15.7.2",
        "tslib": "^1.10.0"
      }
    },
    "ajv": {
      "version": "6.12.6",
      "resolved": "https://registry.npmjs.org/ajv/-/ajv-6.12.6.tgz",
      "integrity": "sha512-j3fVLgvTo527anyYyJOGTYJbG+vnnQYvE0m5mmkc1TK+nxAppkCLMIL0aZ4dblVCNoGShhm+kzE4ZUykBoMg4g==",
      "requires": {
        "fast-deep-equal": "^3.1.1",
        "fast-json-stable-stringify": "^2.0.0",
        "json-schema-traverse": "^0.4.1",
        "uri-js": "^4.2.2"
      }
    },
    "compute-gcd": {
      "version": "1.2.1",
      "resolved": "https://registry.npmjs.org/compute-gcd/-/compute-gcd-1.2.1.tgz",
      "integrity": "sha512-TwMbxBNz0l71+8Sc4czv13h4kEqnchV9igQZBi6QUaz09dnz13juGnnaWWJTRsP3brxOoxeB4SA2WELLw1hCtg==",
      "requires": {
        "validate.io-array": "^1.0.3",
        "validate.io-function": "^1.0.2",
        "validate.io-integer-array": "^1.0.0"
      }
    },
    "compute-lcm": {
      "version": "1.1.2",
      "resolved": "https://registry.npmjs.org/compute-lcm/-/compute-lcm-1.1.2.tgz",
      "integrity": "sha512-OFNPdQAXnQhDSKioX8/XYT6sdUlXwpeMjfd6ApxMJfyZ4GxmLR1xvMERctlYhlHwIiz6CSpBc2+qYKjHGZw4TQ==",
      "requires": {
        "compute-gcd": "^1.2.1",
        "validate.io-array": "^1.0.3",
        "validate.io-function": "^1.0.2",
        "validate.io-integer-array": "^1.0.0"
      }
    },
    "core-js-pure": {
      "version": "3.22.5",
      "resolved": "https://registry.npmjs.org/core-js-pure/-/core-js-pure-3.22.5.tgz",
      "integrity": "sha512-8xo9R00iYD7TcV7OrC98GwxiUEAabVWO3dix+uyWjnYrx9fyASLlIX+f/3p5dW5qByaP2bcZ8X/T47s55et/tA=="
    },
    "csstype": {
      "version": "3.0.11",
      "resolved": "https://registry.npmjs.org/csstype/-/csstype-3.0.11.tgz",
      "integrity": "sha512-sa6P2wJ+CAbgyy4KFssIb/JNMLxFvKF1pCYCSXS8ZMuqZnMsrxqI2E5sPyoTpxoPU/gVZMzr2zjOfg8GIZOMsw==",
      "peer": true
    },
    "fast-deep-equal": {
      "version": "3.1.3",
      "resolved": "https://registry.npmjs.org/fast-deep-equal/-/fast-deep-equal-3.1.3.tgz",
      "integrity": "sha512-f3qQ9oQy9j2AhBe/H9VC91wLmKBCCU/gDOnKNAYG5hswO7BLKj09Hc5HYNz9cGI++xlpDCIgDaitVs03ATR84Q=="
    },
    "fast-json-stable-stringify": {
      "version": "2.1.0",
      "resolved": "https://registry.npmjs.org/fast-json-stable-stringify/-/fast-json-stable-stringify-2.1.0.tgz",
      "integrity": "sha512-lhd/wF+Lk98HZoTCtlVraHtfh5XYijIjalXck7saUtuanSDyLMxnHhSXEDJqHxD7msR8D0uCmqlkwjCV8xvwHw=="
    },
    "js-tokens": {
      "version": "4.0.0",
      "resolved": "https://registry.npmjs.org/js-tokens/-/js-tokens-4.0.0.tgz",
      "integrity": "sha512-RdJUflcE3cUzKiMqQgsCu06FPu9UdIJO0beYbPhHN4k6apgJtifcoCtT9bcxOpYBtpD2kCM6Sbzg4CausW/PKQ=="
    },
    "json-schema-compare": {
      "version": "0.2.2",
      "resolved": "https://registry.npmjs.org/json-schema-compare/-/json-schema-compare-0.2.2.tgz",
      "integrity": "sha512-c4WYmDKyJXhs7WWvAWm3uIYnfyWFoIp+JEoX34rctVvEkMYCPGhXtvmFFXiffBbxfZsvQ0RNnV5H7GvDF5HCqQ==",
      "requires": {
        "lodash": "^4.17.4"
      }
    },
    "json-schema-merge-allof": {
      "version": "0.6.0",
      "resolved": "https://registry.npmjs.org/json-schema-merge-allof/-/json-schema-merge-allof-0.6.0.tgz",
      "integrity": "sha512-LEw4VMQVRceOPLuGRWcxW5orTTiR9ZAtqTAe4rQUjNADTeR81bezBVFa0MqIwp0YmHIM1KkhSjZM7o+IQhaPbQ==",
      "requires": {
        "compute-lcm": "^1.1.0",
        "json-schema-compare": "^0.2.2",
        "lodash": "^4.17.4"
      }
    },
    "json-schema-traverse": {
      "version": "0.4.1",
      "resolved": "https://registry.npmjs.org/json-schema-traverse/-/json-schema-traverse-0.4.1.tgz",
      "integrity": "sha512-xbbCH5dCYU5T8LcEhhuh7HJ88HXuW3qsI3Y0zOZFKfZEHcpWiHU/Jxzk629Brsab/mMiHQti9wMP+845RPe3Vg=="
    },
    "jsonpointer": {
      "version": "5.0.0",
      "resolved": "https://registry.npmjs.org/jsonpointer/-/jsonpointer-5.0.0.tgz",
      "integrity": "sha512-PNYZIdMjVIvVgDSYKTT63Y+KZ6IZvGRNNWcxwD+GNnUz1MKPfv30J8ueCjdwcN0nDx2SlshgyB7Oy0epAzVRRg=="
    },
    "lodash": {
      "version": "4.17.21",
      "resolved": "https://registry.npmjs.org/lodash/-/lodash-4.17.21.tgz",
      "integrity": "sha512-v2kDEe57lecTulaDIuNTPy3Ry4gLGJ6Z1O3vE1krgXZNrsQ+LFTGHVxVjcXPs17LhbZVGedAJv8XZ1tvj5FvSg=="
    },
    "lodash-es": {
      "version": "4.17.21",
      "resolved": "https://registry.npmjs.org/lodash-es/-/lodash-es-4.17.21.tgz",
      "integrity": "sha512-mKnC+QJ9pWVzv+C4/U3rRsHapFfHvQFoFB92e52xeyGMcX6/OlIl78je1u8vePzYZSkkogMPJ2yjxxsb89cxyw=="
    },
    "loose-envify": {
      "version": "1.4.0",
      "resolved": "https://registry.npmjs.org/loose-envify/-/loose-envify-1.4.0.tgz",
      "integrity": "sha512-lyuxPGr/Wfhrlem2CL/UcnUc1zcqKAImBDzukY7Y5F/yQiNdko6+fRLevlw1HgMySw7f611UIY408EtxRSoK3Q==",
      "requires": {
        "js-tokens": "^3.0.0 || ^4.0.0"
      }
    },
    "nanoid": {
      "version": "3.3.4",
      "resolved": "https://registry.npmjs.org/nanoid/-/nanoid-3.3.4.tgz",
      "integrity": "sha512-MqBkQh/OHTS2egovRtLk45wEyNXwF+cokD+1YPf9u5VfJiRdAiRwB2froX5Co9Rh20xs4siNPm8naNotSD6RBw=="
    },
    "object-assign": {
      "version": "4.1.1",
      "resolved": "https://registry.npmjs.org/object-assign/-/object-assign-4.1.1.tgz",
      "integrity": "sha1-IQmtx5ZYh8/AXLvUQsrIv7s2CGM="
    },
    "office-ui-fabric-react": {
      "version": "7.185.5",
      "resolved": "https://registry.npmjs.org/office-ui-fabric-react/-/office-ui-fabric-react-7.185.5.tgz",
      "integrity": "sha512-NAWYFSiluRbpCgSuoD/YqCfWE+SmWMUJ/aoQt8GhF8WSMbR3/5hWCAy1kYHwvj1TVWzh6NorPbeXzruyXNPn5w==",
      "peer": true,
      "requires": {
        "@fluentui/date-time-utilities": "^7.9.1",
        "@fluentui/react-focus": "^7.18.3",
        "@fluentui/react-window-provider": "^1.0.2",
        "@microsoft/load-themed-styles": "^1.10.26",
        "@uifabric/foundation": "^7.10.2",
        "@uifabric/icons": "^7.7.0",
        "@uifabric/merge-styles": "^7.19.2",
        "@uifabric/react-hooks": "^7.14.1",
        "@uifabric/set-version": "^7.0.24",
        "@uifabric/styling": "^7.20.1",
        "@uifabric/utilities": "^7.34.0",
        "prop-types": "^15.7.2",
        "tslib": "^1.10.0"
      }
    },
    "prop-types": {
      "version": "15.8.1",
      "resolved": "https://registry.npmjs.org/prop-types/-/prop-types-15.8.1.tgz",
      "integrity": "sha512-oj87CgZICdulUohogVAR7AjlC0327U4el4L6eAvOqCeudMDVU0NThNaV+b9Df4dXgSP1gXMTnPdhfe/2qDH5cg==",
      "requires": {
        "loose-envify": "^1.4.0",
        "object-assign": "^4.1.1",
        "react-is": "^16.13.1"
      }
    },
    "punycode": {
      "version": "2.1.1",
      "resolved": "https://registry.npmjs.org/punycode/-/punycode-2.1.1.tgz",
      "integrity": "sha512-XRsRjdf+j5ml+y/6GKHPZbrF/8p2Yga0JPtdqTIY2Xe5ohJPD9saDJJLPvp9+NSBprVvevdXZybnj2cv8OEd0A=="
    },
    "react": {
      "version": "16.14.0",
      "resolved": "https://registry.npmjs.org/react/-/react-16.14.0.tgz",
      "integrity": "sha512-0X2CImDkJGApiAlcf0ODKIneSwBPhqJawOa5wCtKbu7ZECrmS26NvtSILynQ66cgkT/RJ4LidJOc3bUESwmU8g==",
      "peer": true,
      "requires": {
        "loose-envify": "^1.1.0",
        "object-assign": "^4.1.1",
        "prop-types": "^15.6.2"
      }
    },
    "react-dom": {
      "version": "16.14.0",
      "resolved": "https://registry.npmjs.org/react-dom/-/react-dom-16.14.0.tgz",
      "integrity": "sha512-1gCeQXDLoIqMgqD3IO2Ah9bnf0w9kzhwN5q4FGnHZ67hBm9yePzB5JJAIQCc8x3pFnNlwFq4RidZggNAAkzWWw==",
      "peer": true,
      "requires": {
        "loose-envify": "^1.1.0",
        "object-assign": "^4.1.1",
        "prop-types": "^15.6.2",
        "scheduler": "^0.19.1"
      }
    },
    "react-is": {
      "version": "16.13.1",
      "resolved": "https://registry.npmjs.org/react-is/-/react-is-16.13.1.tgz",
      "integrity": "sha512-24e6ynE2H+OKt4kqsOvNd8kBpV65zoxbA4BVsEOB3ARVWQki/DHzaUoC5KuON/BiccDaCCTZBuOcfZs70kR8bQ=="
    },
    "scheduler": {
      "version": "0.19.1",
      "resolved": "https://registry.npmjs.org/scheduler/-/scheduler-0.19.1.tgz",
      "integrity": "sha512-n/zwRWRYSUj0/3g/otKDRPMh6qv2SYMWNq85IEa8iZyAv8od9zDYpGSnpBEjNgcMNq6Scbu5KfIPxNF72R/2EA==",
      "peer": true,
      "requires": {
        "loose-envify": "^1.1.0",
        "object-assign": "^4.1.1"
      }
    },
    "tslib": {
      "version": "1.14.1",
      "resolved": "https://registry.npmjs.org/tslib/-/tslib-1.14.1.tgz",
      "integrity": "sha512-Xni35NKzjgMrwevysHTCArtLDpPvye8zV/0E4EyYn43P7/7qvQwPh9BGkHewbMulVntbigmcT7rdX3BNo9wRJg==",
      "peer": true
    },
    "uri-js": {
      "version": "4.4.1",
      "resolved": "https://registry.npmjs.org/uri-js/-/uri-js-4.4.1.tgz",
      "integrity": "sha512-7rKUyy33Q1yc98pQ1DAmLtwX109F7TIfWlW1Ydo8Wl1ii1SeHieeh0HHfPeL2fMXK6z0s8ecKs9frCuLJvndBg==",
      "requires": {
        "punycode": "^2.1.0"
      }
    },
    "validate.io-array": {
      "version": "1.0.6",
      "resolved": "https://registry.npmjs.org/validate.io-array/-/validate.io-array-1.0.6.tgz",
      "integrity": "sha1-W1osr9j4uFq7L4hroVPy2Tond00="
    },
    "validate.io-function": {
      "version": "1.0.2",
      "resolved": "https://registry.npmjs.org/validate.io-function/-/validate.io-function-1.0.2.tgz",
      "integrity": "sha1-NDoZgC7TsZaCaceA5VjpNBHAutc="
    },
    "validate.io-integer": {
      "version": "1.0.5",
      "resolved": "https://registry.npmjs.org/validate.io-integer/-/validate.io-integer-1.0.5.tgz",
      "integrity": "sha1-FoSWSAuVviJH7EQ/IjPeT4mHgGg=",
      "requires": {
        "validate.io-number": "^1.0.3"
      }
    },
    "validate.io-integer-array": {
      "version": "1.0.0",
      "resolved": "https://registry.npmjs.org/validate.io-integer-array/-/validate.io-integer-array-1.0.0.tgz",
      "integrity": "sha1-LKveAzKTpry+Bj/q/pHq9GsToIk=",
      "requires": {
        "validate.io-array": "^1.0.3",
        "validate.io-integer": "^1.0.4"
      }
    },
    "validate.io-number": {
      "version": "1.0.3",
      "resolved": "https://registry.npmjs.org/validate.io-number/-/validate.io-number-1.0.3.tgz",
      "integrity": "sha1-9j/+2iSL8opnqNSODjtGGhZluvg="
    }
  }
}
